// !$*UTF8*$!
{
	archiveVersion = 1;
	classes = {
	};
	objectVersion = 56;
	objects = {

/* Begin PBXBuildFile section */
		850C38952BD6C43700DC9541 /* AppDelegate.swift in Sources */ = {isa = PBXBuildFile; fileRef = 850C38942BD6C43700DC9541 /* AppDelegate.swift */; };
		850C38972BD6C43700DC9541 /* SceneDelegate.swift in Sources */ = {isa = PBXBuildFile; fileRef = 850C38962BD6C43700DC9541 /* SceneDelegate.swift */; };
		850C389F2BD6C43700DC9541 /* TrackerApp.xcdatamodeld in Sources */ = {isa = PBXBuildFile; fileRef = 850C389D2BD6C43700DC9541 /* TrackerApp.xcdatamodeld */; };
		850C38A12BD6C43900DC9541 /* Assets.xcassets in Resources */ = {isa = PBXBuildFile; fileRef = 850C38A02BD6C43900DC9541 /* Assets.xcassets */; };
		850C38A42BD6C43900DC9541 /* LaunchScreen.storyboard in Resources */ = {isa = PBXBuildFile; fileRef = 850C38A22BD6C43900DC9541 /* LaunchScreen.storyboard */; };
		850C38AE2BD6CC3800DC9541 /* Tracker.swift in Sources */ = {isa = PBXBuildFile; fileRef = 850C38AD2BD6CC3800DC9541 /* Tracker.swift */; };
		850C38B02BD6CC4800DC9541 /* TrackerRecord.swift in Sources */ = {isa = PBXBuildFile; fileRef = 850C38AF2BD6CC4800DC9541 /* TrackerRecord.swift */; };
		850C38B22BD6CC5800DC9541 /* TrackerCategory.swift in Sources */ = {isa = PBXBuildFile; fileRef = 850C38B12BD6CC5800DC9541 /* TrackerCategory.swift */; };
		850C38B42BD6CCA000DC9541 /* WeekDay.swift in Sources */ = {isa = PBXBuildFile; fileRef = 850C38B32BD6CCA000DC9541 /* WeekDay.swift */; };
		850C38B92BD6CE8F00DC9541 /* TabBarController.swift in Sources */ = {isa = PBXBuildFile; fileRef = 850C38B82BD6CE8F00DC9541 /* TabBarController.swift */; };
		850C38CB2BD6DF8B00DC9541 /* StatisticViewController.swift in Sources */ = {isa = PBXBuildFile; fileRef = 850C38CA2BD6DF8B00DC9541 /* StatisticViewController.swift */; };
		850C38CD2BD6DFAB00DC9541 /* TrackersViewController.swift in Sources */ = {isa = PBXBuildFile; fileRef = 850C38CC2BD6DFAB00DC9541 /* TrackersViewController.swift */; };
		850C38D72BD6EDCA00DC9541 /* TrackerCollectionViewCell.swift in Sources */ = {isa = PBXBuildFile; fileRef = 850C38D62BD6EDCA00DC9541 /* TrackerCollectionViewCell.swift */; };
		850C38D92BD81E4600DC9541 /* NewTrackerViewController.swift in Sources */ = {isa = PBXBuildFile; fileRef = 850C38D82BD81E4600DC9541 /* NewTrackerViewController.swift */; };
		850C38DD2BD8249200DC9541 /* ScheduleViewController.swift in Sources */ = {isa = PBXBuildFile; fileRef = 850C38DC2BD8249200DC9541 /* ScheduleViewController.swift */; };
		851022412C17639800947FF9 /* InlineSnapshotTesting in Frameworks */ = {isa = PBXBuildFile; productRef = 851022402C17639800947FF9 /* InlineSnapshotTesting */; };
		851022432C17639800947FF9 /* SnapshotTesting in Frameworks */ = {isa = PBXBuildFile; productRef = 851022422C17639800947FF9 /* SnapshotTesting */; };
		851022452C178A6200947FF9 /* TrackerViewModel.swift in Sources */ = {isa = PBXBuildFile; fileRef = 851022442C178A6200947FF9 /* TrackerViewModel.swift */; };
		851928DF2C161045005D4BBB /* TrackerAppTests.swift in Sources */ = {isa = PBXBuildFile; fileRef = 851928DE2C161045005D4BBB /* TrackerAppTests.swift */; };
		855875412BD8371E00E88DF3 /* HeaderCollectionView.swift in Sources */ = {isa = PBXBuildFile; fileRef = 855875402BD8371E00E88DF3 /* HeaderCollectionView.swift */; };
		8591170B2C107E52004864B0 /* Localizable.strings in Resources */ = {isa = PBXBuildFile; fileRef = 8591170D2C107E52004864B0 /* Localizable.strings */; };
		859117132C10CA68004864B0 /* StatisticsCellModel.swift in Sources */ = {isa = PBXBuildFile; fileRef = 859117122C10CA68004864B0 /* StatisticsCellModel.swift */; };
		859117152C10CAFF004864B0 /* StatisticViewModel.swift in Sources */ = {isa = PBXBuildFile; fileRef = 859117142C10CAFF004864B0 /* StatisticViewModel.swift */; };
		859117172C10CC8D004864B0 /* StatisticCell.swift in Sources */ = {isa = PBXBuildFile; fileRef = 859117162C10CC8D004864B0 /* StatisticCell.swift */; };
		859117192C1203CC004864B0 /* FilterTrackerViewController.swift in Sources */ = {isa = PBXBuildFile; fileRef = 859117182C1203CC004864B0 /* FilterTrackerViewController.swift */; };
		85A202842BE4245500841099 /* TrackerStore.swift in Sources */ = {isa = PBXBuildFile; fileRef = 85A202832BE4245500841099 /* TrackerStore.swift */; };
		85A202862BE4247200841099 /* TrackerRecordStore.swift in Sources */ = {isa = PBXBuildFile; fileRef = 85A202852BE4247200841099 /* TrackerRecordStore.swift */; };
		85A202882BE4248300841099 /* TrackerCategoryStore.swift in Sources */ = {isa = PBXBuildFile; fileRef = 85A202872BE4248300841099 /* TrackerCategoryStore.swift */; };
		85A2028A2BE4249400841099 /* StoreError.swift in Sources */ = {isa = PBXBuildFile; fileRef = 85A202892BE4249400841099 /* StoreError.swift */; };
		85A202912BE4260100841099 /* EmojiAndColorsCollectionCell.swift in Sources */ = {isa = PBXBuildFile; fileRef = 85A202902BE4260100841099 /* EmojiAndColorsCollectionCell.swift */; };
		85A202972BE426F900841099 /* SupplementaryView.swift in Sources */ = {isa = PBXBuildFile; fileRef = 85A202962BE426F900841099 /* SupplementaryView.swift */; };
		85A2030F2BF2A4F800841099 /* Pages.swift in Sources */ = {isa = PBXBuildFile; fileRef = 85A2030E2BF2A4F800841099 /* Pages.swift */; };
		85A203112BF2BC2200841099 /* OnboardingViewController.swift in Sources */ = {isa = PBXBuildFile; fileRef = 85A203102BF2BC2200841099 /* OnboardingViewController.swift */; };
		85A203132BF2BCD300841099 /* PageViewController.swift in Sources */ = {isa = PBXBuildFile; fileRef = 85A203122BF2BCD300841099 /* PageViewController.swift */; };
		85A2033B2BF40D1D00841099 /* CategoriesViewModel.swift in Sources */ = {isa = PBXBuildFile; fileRef = 85A2033A2BF40D1D00841099 /* CategoriesViewModel.swift */; };
		85A2033D2BF510EA00841099 /* NewCategoryViewController.swift in Sources */ = {isa = PBXBuildFile; fileRef = 85A2033C2BF510EA00841099 /* NewCategoryViewController.swift */; };
		85A2033F2BF511A600841099 /* CategoriesViewController.swift in Sources */ = {isa = PBXBuildFile; fileRef = 85A2033E2BF511A600841099 /* CategoriesViewController.swift */; };
		85E763DE2C13287D00A75317 /* AnalyticsService.swift in Sources */ = {isa = PBXBuildFile; fileRef = 85E763DD2C13287D00A75317 /* AnalyticsService.swift */; };
		85FB0B4C2C133D89006A4EF5 /* Localizable.stringsdict in Resources */ = {isa = PBXBuildFile; fileRef = 85FB0B4E2C133D89006A4EF5 /* Localizable.stringsdict */; };
		85FB0B592C15EEB5006A4EF5 /* CoreDataManager.swift in Sources */ = {isa = PBXBuildFile; fileRef = 85FB0B582C15EEB5006A4EF5 /* CoreDataManager.swift */; };
		85FB0B5B2C15F181006A4EF5 /* CategoryCell.swift in Sources */ = {isa = PBXBuildFile; fileRef = 85FB0B5A2C15F181006A4EF5 /* CategoryCell.swift */; };
		85FB0B5D2C15F377006A4EF5 /*  InitialViewController.swift in Sources */ = {isa = PBXBuildFile; fileRef = 85FB0B5C2C15F377006A4EF5 /*  InitialViewController.swift */; };
		85FB0B5F2C15F3C4006A4EF5 /* Constants.swift in Sources */ = {isa = PBXBuildFile; fileRef = 85FB0B5E2C15F3C4006A4EF5 /* Constants.swift */; };
		85FB0B612C15F3E3006A4EF5 /* Date+Extencion.swift in Sources */ = {isa = PBXBuildFile; fileRef = 85FB0B602C15F3E3006A4EF5 /* Date+Extencion.swift */; };
		85FB0B632C15F3FC006A4EF5 /* Observable.swift in Sources */ = {isa = PBXBuildFile; fileRef = 85FB0B622C15F3FC006A4EF5 /* Observable.swift */; };
		85FB0B652C15F41D006A4EF5 /* UICollectionView+Extension.swift in Sources */ = {isa = PBXBuildFile; fileRef = 85FB0B642C15F41D006A4EF5 /* UICollectionView+Extension.swift */; };
		85FB0B672C15F435006A4EF5 /* UIViewController+Extension.swift in Sources */ = {isa = PBXBuildFile; fileRef = 85FB0B662C15F435006A4EF5 /* UIViewController+Extension.swift */; };
		85FB0B692C15F45F006A4EF5 /* UIColor+Extencion.swift in Sources */ = {isa = PBXBuildFile; fileRef = 85FB0B682C15F45F006A4EF5 /* UIColor+Extencion.swift */; };
		85FB0B6B2C15F473006A4EF5 /* UIFonts+Exntesions.swift in Sources */ = {isa = PBXBuildFile; fileRef = 85FB0B6A2C15F473006A4EF5 /* UIFonts+Exntesions.swift */; };
		85FB0B6D2C15F49C006A4EF5 /* UIView+Extensions .swift in Sources */ = {isa = PBXBuildFile; fileRef = 85FB0B6C2C15F49C006A4EF5 /* UIView+Extensions .swift */; };
		85FB0B6F2C15F4B4006A4EF5 /* AlertPresenter.swift in Sources */ = {isa = PBXBuildFile; fileRef = 85FB0B6E2C15F4B4006A4EF5 /* AlertPresenter.swift */; };
		85FB0B712C15F538006A4EF5 /* SelectTypeEventViewController.swift in Sources */ = {isa = PBXBuildFile; fileRef = 85FB0B702C15F538006A4EF5 /* SelectTypeEventViewController.swift */; };
		8BCB27DFF33A98507C1C4EE0 /* Pods_TrackerApp.framework in Frameworks */ = {isa = PBXBuildFile; fileRef = C386B6D557BC7166413B15A6 /* Pods_TrackerApp.framework */; };
/* End PBXBuildFile section */

/* Begin PBXContainerItemProxy section */
		851928E02C161045005D4BBB /* PBXContainerItemProxy */ = {
			isa = PBXContainerItemProxy;
			containerPortal = 850C38892BD6C43700DC9541 /* Project object */;
			proxyType = 1;
			remoteGlobalIDString = 850C38902BD6C43700DC9541;
			remoteInfo = TrackerApp;
		};
/* End PBXContainerItemProxy section */

/* Begin PBXFileReference section */
		725080CD2E3E4381E96DBDA3 /* Pods-TrackerApp.debug.xcconfig */ = {isa = PBXFileReference; includeInIndex = 1; lastKnownFileType = text.xcconfig; name = "Pods-TrackerApp.debug.xcconfig"; path = "Target Support Files/Pods-TrackerApp/Pods-TrackerApp.debug.xcconfig"; sourceTree = "<group>"; };
		850C38912BD6C43700DC9541 /* TrackerApp.app */ = {isa = PBXFileReference; explicitFileType = wrapper.application; includeInIndex = 0; path = TrackerApp.app; sourceTree = BUILT_PRODUCTS_DIR; };
		850C38942BD6C43700DC9541 /* AppDelegate.swift */ = {isa = PBXFileReference; lastKnownFileType = sourcecode.swift; path = AppDelegate.swift; sourceTree = "<group>"; };
		850C38962BD6C43700DC9541 /* SceneDelegate.swift */ = {isa = PBXFileReference; lastKnownFileType = sourcecode.swift; path = SceneDelegate.swift; sourceTree = "<group>"; };
		850C389E2BD6C43700DC9541 /* TrackerApp.xcdatamodel */ = {isa = PBXFileReference; lastKnownFileType = wrapper.xcdatamodel; path = TrackerApp.xcdatamodel; sourceTree = "<group>"; };
		850C38A02BD6C43900DC9541 /* Assets.xcassets */ = {isa = PBXFileReference; lastKnownFileType = folder.assetcatalog; path = Assets.xcassets; sourceTree = "<group>"; };
		850C38A32BD6C43900DC9541 /* Base */ = {isa = PBXFileReference; lastKnownFileType = file.storyboard; name = Base; path = Base.lproj/LaunchScreen.storyboard; sourceTree = "<group>"; };
		850C38A52BD6C43900DC9541 /* Info.plist */ = {isa = PBXFileReference; lastKnownFileType = text.plist.xml; path = Info.plist; sourceTree = "<group>"; };
		850C38AD2BD6CC3800DC9541 /* Tracker.swift */ = {isa = PBXFileReference; lastKnownFileType = sourcecode.swift; path = Tracker.swift; sourceTree = "<group>"; };
		850C38AF2BD6CC4800DC9541 /* TrackerRecord.swift */ = {isa = PBXFileReference; lastKnownFileType = sourcecode.swift; path = TrackerRecord.swift; sourceTree = "<group>"; };
		850C38B12BD6CC5800DC9541 /* TrackerCategory.swift */ = {isa = PBXFileReference; lastKnownFileType = sourcecode.swift; path = TrackerCategory.swift; sourceTree = "<group>"; };
		850C38B32BD6CCA000DC9541 /* WeekDay.swift */ = {isa = PBXFileReference; lastKnownFileType = sourcecode.swift; path = WeekDay.swift; sourceTree = "<group>"; };
		850C38B82BD6CE8F00DC9541 /* TabBarController.swift */ = {isa = PBXFileReference; lastKnownFileType = sourcecode.swift; path = TabBarController.swift; sourceTree = "<group>"; };
		850C38CA2BD6DF8B00DC9541 /* StatisticViewController.swift */ = {isa = PBXFileReference; lastKnownFileType = sourcecode.swift; path = StatisticViewController.swift; sourceTree = "<group>"; };
		850C38CC2BD6DFAB00DC9541 /* TrackersViewController.swift */ = {isa = PBXFileReference; lastKnownFileType = sourcecode.swift; path = TrackersViewController.swift; sourceTree = "<group>"; };
		850C38D62BD6EDCA00DC9541 /* TrackerCollectionViewCell.swift */ = {isa = PBXFileReference; lastKnownFileType = sourcecode.swift; path = TrackerCollectionViewCell.swift; sourceTree = "<group>"; };
		850C38D82BD81E4600DC9541 /* NewTrackerViewController.swift */ = {isa = PBXFileReference; lastKnownFileType = sourcecode.swift; path = NewTrackerViewController.swift; sourceTree = "<group>"; };
		850C38DC2BD8249200DC9541 /* ScheduleViewController.swift */ = {isa = PBXFileReference; lastKnownFileType = sourcecode.swift; path = ScheduleViewController.swift; sourceTree = "<group>"; };
		851022442C178A6200947FF9 /* TrackerViewModel.swift */ = {isa = PBXFileReference; lastKnownFileType = sourcecode.swift; path = TrackerViewModel.swift; sourceTree = "<group>"; };
		851928DC2C161045005D4BBB /* TrackerAppTests.xctest */ = {isa = PBXFileReference; explicitFileType = wrapper.cfbundle; includeInIndex = 0; path = TrackerAppTests.xctest; sourceTree = BUILT_PRODUCTS_DIR; };
		851928DE2C161045005D4BBB /* TrackerAppTests.swift */ = {isa = PBXFileReference; lastKnownFileType = sourcecode.swift; path = TrackerAppTests.swift; sourceTree = "<group>"; };
		855875402BD8371E00E88DF3 /* HeaderCollectionView.swift */ = {isa = PBXFileReference; lastKnownFileType = sourcecode.swift; path = HeaderCollectionView.swift; sourceTree = "<group>"; };
		8591170F2C107E6E004864B0 /* en */ = {isa = PBXFileReference; lastKnownFileType = text.plist.strings; name = en; path = en.lproj/Localizable.strings; sourceTree = "<group>"; };
		859117102C107EA8004864B0 /* ru */ = {isa = PBXFileReference; lastKnownFileType = text.plist.strings; name = ru; path = ru.lproj/LaunchScreen.strings; sourceTree = "<group>"; };
		859117112C107EB6004864B0 /* ru */ = {isa = PBXFileReference; lastKnownFileType = text.plist.strings; name = ru; path = ru.lproj/Localizable.strings; sourceTree = "<group>"; };
		859117122C10CA68004864B0 /* StatisticsCellModel.swift */ = {isa = PBXFileReference; lastKnownFileType = sourcecode.swift; path = StatisticsCellModel.swift; sourceTree = "<group>"; };
		859117142C10CAFF004864B0 /* StatisticViewModel.swift */ = {isa = PBXFileReference; lastKnownFileType = sourcecode.swift; path = StatisticViewModel.swift; sourceTree = "<group>"; };
		859117162C10CC8D004864B0 /* StatisticCell.swift */ = {isa = PBXFileReference; lastKnownFileType = sourcecode.swift; path = StatisticCell.swift; sourceTree = "<group>"; };
		859117182C1203CC004864B0 /* FilterTrackerViewController.swift */ = {isa = PBXFileReference; lastKnownFileType = sourcecode.swift; path = FilterTrackerViewController.swift; sourceTree = "<group>"; };
		85A202832BE4245500841099 /* TrackerStore.swift */ = {isa = PBXFileReference; lastKnownFileType = sourcecode.swift; path = TrackerStore.swift; sourceTree = "<group>"; };
		85A202852BE4247200841099 /* TrackerRecordStore.swift */ = {isa = PBXFileReference; lastKnownFileType = sourcecode.swift; path = TrackerRecordStore.swift; sourceTree = "<group>"; };
		85A202872BE4248300841099 /* TrackerCategoryStore.swift */ = {isa = PBXFileReference; lastKnownFileType = sourcecode.swift; path = TrackerCategoryStore.swift; sourceTree = "<group>"; };
		85A202892BE4249400841099 /* StoreError.swift */ = {isa = PBXFileReference; lastKnownFileType = sourcecode.swift; path = StoreError.swift; sourceTree = "<group>"; };
		85A202902BE4260100841099 /* EmojiAndColorsCollectionCell.swift */ = {isa = PBXFileReference; lastKnownFileType = sourcecode.swift; path = EmojiAndColorsCollectionCell.swift; sourceTree = "<group>"; };
		85A202962BE426F900841099 /* SupplementaryView.swift */ = {isa = PBXFileReference; lastKnownFileType = sourcecode.swift; path = SupplementaryView.swift; sourceTree = "<group>"; };
		85A2030E2BF2A4F800841099 /* Pages.swift */ = {isa = PBXFileReference; lastKnownFileType = sourcecode.swift; path = Pages.swift; sourceTree = "<group>"; };
		85A203102BF2BC2200841099 /* OnboardingViewController.swift */ = {isa = PBXFileReference; lastKnownFileType = sourcecode.swift; path = OnboardingViewController.swift; sourceTree = "<group>"; };
		85A203122BF2BCD300841099 /* PageViewController.swift */ = {isa = PBXFileReference; lastKnownFileType = sourcecode.swift; path = PageViewController.swift; sourceTree = "<group>"; };
		85A2033A2BF40D1D00841099 /* CategoriesViewModel.swift */ = {isa = PBXFileReference; lastKnownFileType = sourcecode.swift; path = CategoriesViewModel.swift; sourceTree = "<group>"; };
		85A2033C2BF510EA00841099 /* NewCategoryViewController.swift */ = {isa = PBXFileReference; lastKnownFileType = sourcecode.swift; path = NewCategoryViewController.swift; sourceTree = "<group>"; };
		85A2033E2BF511A600841099 /* CategoriesViewController.swift */ = {isa = PBXFileReference; lastKnownFileType = sourcecode.swift; path = CategoriesViewController.swift; sourceTree = "<group>"; };
		85E763DD2C13287D00A75317 /* AnalyticsService.swift */ = {isa = PBXFileReference; lastKnownFileType = sourcecode.swift; path = AnalyticsService.swift; sourceTree = "<group>"; };
		85FB0B4D2C133D89006A4EF5 /* en */ = {isa = PBXFileReference; lastKnownFileType = text.plist.stringsdict; name = en; path = en.lproj/Localizable.stringsdict; sourceTree = "<group>"; };
		85FB0B4F2C133D8E006A4EF5 /* ru */ = {isa = PBXFileReference; lastKnownFileType = text.plist.stringsdict; name = ru; path = ru.lproj/Localizable.stringsdict; sourceTree = "<group>"; };
		85FB0B582C15EEB5006A4EF5 /* CoreDataManager.swift */ = {isa = PBXFileReference; lastKnownFileType = sourcecode.swift; path = CoreDataManager.swift; sourceTree = "<group>"; };
		85FB0B5A2C15F181006A4EF5 /* CategoryCell.swift */ = {isa = PBXFileReference; lastKnownFileType = sourcecode.swift; path = CategoryCell.swift; sourceTree = "<group>"; };
		85FB0B5C2C15F377006A4EF5 /*  InitialViewController.swift */ = {isa = PBXFileReference; lastKnownFileType = sourcecode.swift; path = " InitialViewController.swift"; sourceTree = "<group>"; };
		85FB0B5E2C15F3C4006A4EF5 /* Constants.swift */ = {isa = PBXFileReference; lastKnownFileType = sourcecode.swift; path = Constants.swift; sourceTree = "<group>"; };
		85FB0B602C15F3E3006A4EF5 /* Date+Extencion.swift */ = {isa = PBXFileReference; lastKnownFileType = sourcecode.swift; path = "Date+Extencion.swift"; sourceTree = "<group>"; };
		85FB0B622C15F3FC006A4EF5 /* Observable.swift */ = {isa = PBXFileReference; lastKnownFileType = sourcecode.swift; path = Observable.swift; sourceTree = "<group>"; };
		85FB0B642C15F41D006A4EF5 /* UICollectionView+Extension.swift */ = {isa = PBXFileReference; lastKnownFileType = sourcecode.swift; path = "UICollectionView+Extension.swift"; sourceTree = "<group>"; };
		85FB0B662C15F435006A4EF5 /* UIViewController+Extension.swift */ = {isa = PBXFileReference; lastKnownFileType = sourcecode.swift; path = "UIViewController+Extension.swift"; sourceTree = "<group>"; };
		85FB0B682C15F45F006A4EF5 /* UIColor+Extencion.swift */ = {isa = PBXFileReference; lastKnownFileType = sourcecode.swift; path = "UIColor+Extencion.swift"; sourceTree = "<group>"; };
		85FB0B6A2C15F473006A4EF5 /* UIFonts+Exntesions.swift */ = {isa = PBXFileReference; lastKnownFileType = sourcecode.swift; path = "UIFonts+Exntesions.swift"; sourceTree = "<group>"; };
		85FB0B6C2C15F49C006A4EF5 /* UIView+Extensions .swift */ = {isa = PBXFileReference; lastKnownFileType = sourcecode.swift; path = "UIView+Extensions .swift"; sourceTree = "<group>"; };
		85FB0B6E2C15F4B4006A4EF5 /* AlertPresenter.swift */ = {isa = PBXFileReference; lastKnownFileType = sourcecode.swift; path = AlertPresenter.swift; sourceTree = "<group>"; };
		85FB0B702C15F538006A4EF5 /* SelectTypeEventViewController.swift */ = {isa = PBXFileReference; lastKnownFileType = sourcecode.swift; path = SelectTypeEventViewController.swift; sourceTree = "<group>"; };
		C386B6D557BC7166413B15A6 /* Pods_TrackerApp.framework */ = {isa = PBXFileReference; explicitFileType = wrapper.framework; includeInIndex = 0; path = Pods_TrackerApp.framework; sourceTree = BUILT_PRODUCTS_DIR; };
		E5275858D0F2D74E08CF2EDA /* Pods-TrackerApp.release.xcconfig */ = {isa = PBXFileReference; includeInIndex = 1; lastKnownFileType = text.xcconfig; name = "Pods-TrackerApp.release.xcconfig"; path = "Target Support Files/Pods-TrackerApp/Pods-TrackerApp.release.xcconfig"; sourceTree = "<group>"; };
/* End PBXFileReference section */

/* Begin PBXFrameworksBuildPhase section */
		850C388E2BD6C43700DC9541 /* Frameworks */ = {
			isa = PBXFrameworksBuildPhase;
			buildActionMask = 2147483647;
			files = (
				8BCB27DFF33A98507C1C4EE0 /* Pods_TrackerApp.framework in Frameworks */,
			);
			runOnlyForDeploymentPostprocessing = 0;
		};
		851928D92C161045005D4BBB /* Frameworks */ = {
			isa = PBXFrameworksBuildPhase;
			buildActionMask = 2147483647;
			files = (
				851022412C17639800947FF9 /* InlineSnapshotTesting in Frameworks */,
				851022432C17639800947FF9 /* SnapshotTesting in Frameworks */,
			);
			runOnlyForDeploymentPostprocessing = 0;
		};
/* End PBXFrameworksBuildPhase section */

/* Begin PBXGroup section */
		850C38882BD6C43700DC9541 = {
			isa = PBXGroup;
			children = (
				850C38932BD6C43700DC9541 /* TrackerApp */,
				851928DD2C161045005D4BBB /* TrackerAppTests */,
				850C38922BD6C43700DC9541 /* Products */,
				A59B3020FB0C1FF620714CE3 /* Pods */,
				F62666923ACDC8300BBA8DBD /* Frameworks */,
			);
			sourceTree = "<group>";
		};
		850C38922BD6C43700DC9541 /* Products */ = {
			isa = PBXGroup;
			children = (
				850C38912BD6C43700DC9541 /* TrackerApp.app */,
				851928DC2C161045005D4BBB /* TrackerAppTests.xctest */,
			);
			name = Products;
			sourceTree = "<group>";
		};
		850C38932BD6C43700DC9541 /* TrackerApp */ = {
			isa = PBXGroup;
			children = (
				85E763DC2C13285800A75317 /* AnalyticsService */,
				859117052C107CDF004864B0 /* Recources */,
				850C38AB2BD6CBA700DC9541 /* Application */,
				85A2030D2BF2A4D900841099 /* Onboarding */,
				85A2028F2BE425C300841099 /* Cell */,
				85A202822BE422A100841099 /* CoreData */,
				850C38D32BD6E36700DC9541 /* Views */,
				850C38AC2BD6CC1C00DC9541 /* Models */,
				850C38B72BD6CE4E00DC9541 /* TabBarController */,
				850C38C92BD6DF5D00DC9541 /* ViewContollers */,
				850C38BE2BD6D8B600DC9541 /* Helpers+Extencion */,
				850C38A02BD6C43900DC9541 /* Assets.xcassets */,
				850C38A22BD6C43900DC9541 /* LaunchScreen.storyboard */,
				850C38A52BD6C43900DC9541 /* Info.plist */,
			);
			path = TrackerApp;
			sourceTree = "<group>";
		};
		850C38AB2BD6CBA700DC9541 /* Application */ = {
			isa = PBXGroup;
			children = (
				850C38942BD6C43700DC9541 /* AppDelegate.swift */,
				850C38962BD6C43700DC9541 /* SceneDelegate.swift */,
			);
			path = Application;
			sourceTree = "<group>";
		};
		850C38AC2BD6CC1C00DC9541 /* Models */ = {
			isa = PBXGroup;
			children = (
				850C38AD2BD6CC3800DC9541 /* Tracker.swift */,
				850C38AF2BD6CC4800DC9541 /* TrackerRecord.swift */,
				850C38B12BD6CC5800DC9541 /* TrackerCategory.swift */,
				850C38B32BD6CCA000DC9541 /* WeekDay.swift */,
				85A2033A2BF40D1D00841099 /* CategoriesViewModel.swift */,
				859117122C10CA68004864B0 /* StatisticsCellModel.swift */,
				859117142C10CAFF004864B0 /* StatisticViewModel.swift */,
				851022442C178A6200947FF9 /* TrackerViewModel.swift */,
			);
			path = Models;
			sourceTree = "<group>";
		};
		850C38B72BD6CE4E00DC9541 /* TabBarController */ = {
			isa = PBXGroup;
			children = (
				850C38B82BD6CE8F00DC9541 /* TabBarController.swift */,
				85FB0B5C2C15F377006A4EF5 /*  InitialViewController.swift */,
			);
			path = TabBarController;
			sourceTree = "<group>";
		};
		850C38BE2BD6D8B600DC9541 /* Helpers+Extencion */ = {
			isa = PBXGroup;
			children = (
				85FB0B5E2C15F3C4006A4EF5 /* Constants.swift */,
				85FB0B602C15F3E3006A4EF5 /* Date+Extencion.swift */,
				85FB0B622C15F3FC006A4EF5 /* Observable.swift */,
				85FB0B642C15F41D006A4EF5 /* UICollectionView+Extension.swift */,
				85FB0B662C15F435006A4EF5 /* UIViewController+Extension.swift */,
				85FB0B682C15F45F006A4EF5 /* UIColor+Extencion.swift */,
				85FB0B6A2C15F473006A4EF5 /* UIFonts+Exntesions.swift */,
				85FB0B6C2C15F49C006A4EF5 /* UIView+Extensions .swift */,
				85FB0B6E2C15F4B4006A4EF5 /* AlertPresenter.swift */,
			);
			path = "Helpers+Extencion";
			sourceTree = "<group>";
		};
		850C38C92BD6DF5D00DC9541 /* ViewContollers */ = {
			isa = PBXGroup;
			children = (
				850C38CC2BD6DFAB00DC9541 /* TrackersViewController.swift */,
				850C38CA2BD6DF8B00DC9541 /* StatisticViewController.swift */,
				850C38D82BD81E4600DC9541 /* NewTrackerViewController.swift */,
				850C38DC2BD8249200DC9541 /* ScheduleViewController.swift */,
				85A2033C2BF510EA00841099 /* NewCategoryViewController.swift */,
				85A2033E2BF511A600841099 /* CategoriesViewController.swift */,
				859117182C1203CC004864B0 /* FilterTrackerViewController.swift */,
				85FB0B702C15F538006A4EF5 /* SelectTypeEventViewController.swift */,
			);
			path = ViewContollers;
			sourceTree = "<group>";
		};
		850C38D32BD6E36700DC9541 /* Views */ = {
			isa = PBXGroup;
			children = (
				855875402BD8371E00E88DF3 /* HeaderCollectionView.swift */,
				85A202962BE426F900841099 /* SupplementaryView.swift */,
			);
			path = Views;
			sourceTree = "<group>";
		};
		851928DD2C161045005D4BBB /* TrackerAppTests */ = {
			isa = PBXGroup;
			children = (
				851928DE2C161045005D4BBB /* TrackerAppTests.swift */,
			);
			path = TrackerAppTests;
			sourceTree = "<group>";
		};
		859117052C107CDF004864B0 /* Recources */ = {
			isa = PBXGroup;
			children = (
				8591170D2C107E52004864B0 /* Localizable.strings */,
				85FB0B4E2C133D89006A4EF5 /* Localizable.stringsdict */,
			);
			path = Recources;
			sourceTree = "<group>";
		};
		85A202822BE422A100841099 /* CoreData */ = {
			isa = PBXGroup;
			children = (
				850C389D2BD6C43700DC9541 /* TrackerApp.xcdatamodeld */,
				85A202832BE4245500841099 /* TrackerStore.swift */,
				85A202852BE4247200841099 /* TrackerRecordStore.swift */,
				85A202872BE4248300841099 /* TrackerCategoryStore.swift */,
				85A202892BE4249400841099 /* StoreError.swift */,
				85FB0B582C15EEB5006A4EF5 /* CoreDataManager.swift */,
			);
			path = CoreData;
			sourceTree = "<group>";
		};
		85A2028F2BE425C300841099 /* Cell */ = {
			isa = PBXGroup;
			children = (
				850C38D62BD6EDCA00DC9541 /* TrackerCollectionViewCell.swift */,
				85A202902BE4260100841099 /* EmojiAndColorsCollectionCell.swift */,
				859117162C10CC8D004864B0 /* StatisticCell.swift */,
				85FB0B5A2C15F181006A4EF5 /* CategoryCell.swift */,
			);
			path = Cell;
			sourceTree = "<group>";
		};
		85A2030D2BF2A4D900841099 /* Onboarding */ = {
			isa = PBXGroup;
			children = (
				85A2030E2BF2A4F800841099 /* Pages.swift */,
				85A203102BF2BC2200841099 /* OnboardingViewController.swift */,
				85A203122BF2BCD300841099 /* PageViewController.swift */,
			);
			path = Onboarding;
			sourceTree = "<group>";
		};
		85E763DC2C13285800A75317 /* AnalyticsService */ = {
			isa = PBXGroup;
			children = (
				85E763DD2C13287D00A75317 /* AnalyticsService.swift */,
			);
			path = AnalyticsService;
			sourceTree = "<group>";
		};
		A59B3020FB0C1FF620714CE3 /* Pods */ = {
			isa = PBXGroup;
			children = (
				725080CD2E3E4381E96DBDA3 /* Pods-TrackerApp.debug.xcconfig */,
				E5275858D0F2D74E08CF2EDA /* Pods-TrackerApp.release.xcconfig */,
			);
			path = Pods;
			sourceTree = "<group>";
		};
		F62666923ACDC8300BBA8DBD /* Frameworks */ = {
			isa = PBXGroup;
			children = (
				C386B6D557BC7166413B15A6 /* Pods_TrackerApp.framework */,
			);
			name = Frameworks;
			sourceTree = "<group>";
		};
/* End PBXGroup section */

/* Begin PBXNativeTarget section */
		850C38902BD6C43700DC9541 /* TrackerApp */ = {
			isa = PBXNativeTarget;
			buildConfigurationList = 850C38A82BD6C43900DC9541 /* Build configuration list for PBXNativeTarget "TrackerApp" */;
			buildPhases = (
				52CDFD05880F3DA9C89FA02C /* [CP] Check Pods Manifest.lock */,
				850C388D2BD6C43700DC9541 /* Sources */,
				850C388E2BD6C43700DC9541 /* Frameworks */,
				850C388F2BD6C43700DC9541 /* Resources */,
			);
			buildRules = (
			);
			dependencies = (
			);
			name = TrackerApp;
			packageProductDependencies = (
			);
			productName = TrackerApp;
			productReference = 850C38912BD6C43700DC9541 /* TrackerApp.app */;
			productType = "com.apple.product-type.application";
		};
		851928DB2C161045005D4BBB /* TrackerAppTests */ = {
			isa = PBXNativeTarget;
			buildConfigurationList = 851928E22C161045005D4BBB /* Build configuration list for PBXNativeTarget "TrackerAppTests" */;
			buildPhases = (
				851928D82C161045005D4BBB /* Sources */,
				851928D92C161045005D4BBB /* Frameworks */,
				851928DA2C161045005D4BBB /* Resources */,
			);
			buildRules = (
			);
			dependencies = (
				851928E12C161045005D4BBB /* PBXTargetDependency */,
			);
			name = TrackerAppTests;
			packageProductDependencies = (
				851022402C17639800947FF9 /* InlineSnapshotTesting */,
				851022422C17639800947FF9 /* SnapshotTesting */,
			);
			productName = TrackerAppTests;
			productReference = 851928DC2C161045005D4BBB /* TrackerAppTests.xctest */;
			productType = "com.apple.product-type.bundle.unit-test";
		};
/* End PBXNativeTarget section */

/* Begin PBXProject section */
		850C38892BD6C43700DC9541 /* Project object */ = {
			isa = PBXProject;
			attributes = {
				BuildIndependentTargetsInParallel = 1;
				LastSwiftUpdateCheck = 1520;
				LastUpgradeCheck = 1520;
				TargetAttributes = {
					850C38902BD6C43700DC9541 = {
						CreatedOnToolsVersion = 15.2;
					};
					851928DB2C161045005D4BBB = {
						CreatedOnToolsVersion = 15.2;
						TestTargetID = 850C38902BD6C43700DC9541;
					};
				};
			};
			buildConfigurationList = 850C388C2BD6C43700DC9541 /* Build configuration list for PBXProject "TrackerApp" */;
			compatibilityVersion = "Xcode 14.0";
			developmentRegion = en;
			hasScannedForEncodings = 0;
			knownRegions = (
				en,
				Base,
				ru,
			);
			mainGroup = 850C38882BD6C43700DC9541;
			packageReferences = (
				8510223F2C17639800947FF9 /* XCRemoteSwiftPackageReference "swift-snapshot-testing" */,
			);
			productRefGroup = 850C38922BD6C43700DC9541 /* Products */;
			projectDirPath = "";
			projectRoot = "";
			targets = (
				850C38902BD6C43700DC9541 /* TrackerApp */,
				851928DB2C161045005D4BBB /* TrackerAppTests */,
			);
		};
/* End PBXProject section */

/* Begin PBXResourcesBuildPhase section */
		850C388F2BD6C43700DC9541 /* Resources */ = {
			isa = PBXResourcesBuildPhase;
			buildActionMask = 2147483647;
			files = (
				850C38A42BD6C43900DC9541 /* LaunchScreen.storyboard in Resources */,
				85FB0B4C2C133D89006A4EF5 /* Localizable.stringsdict in Resources */,
				8591170B2C107E52004864B0 /* Localizable.strings in Resources */,
				850C38A12BD6C43900DC9541 /* Assets.xcassets in Resources */,
			);
			runOnlyForDeploymentPostprocessing = 0;
		};
		851928DA2C161045005D4BBB /* Resources */ = {
			isa = PBXResourcesBuildPhase;
			buildActionMask = 2147483647;
			files = (
			);
			runOnlyForDeploymentPostprocessing = 0;
		};
/* End PBXResourcesBuildPhase section */

/* Begin PBXShellScriptBuildPhase section */
		52CDFD05880F3DA9C89FA02C /* [CP] Check Pods Manifest.lock */ = {
			isa = PBXShellScriptBuildPhase;
			buildActionMask = 2147483647;
			files = (
			);
			inputFileListPaths = (
			);
			inputPaths = (
				"${PODS_PODFILE_DIR_PATH}/Podfile.lock",
				"${PODS_ROOT}/Manifest.lock",
			);
			name = "[CP] Check Pods Manifest.lock";
			outputFileListPaths = (
			);
			outputPaths = (
				"$(DERIVED_FILE_DIR)/Pods-TrackerApp-checkManifestLockResult.txt",
			);
			runOnlyForDeploymentPostprocessing = 0;
			shellPath = /bin/sh;
			shellScript = "diff \"${PODS_PODFILE_DIR_PATH}/Podfile.lock\" \"${PODS_ROOT}/Manifest.lock\" > /dev/null\nif [ $? != 0 ] ; then\n    # print error to STDERR\n    echo \"error: The sandbox is not in sync with the Podfile.lock. Run 'pod install' or update your CocoaPods installation.\" >&2\n    exit 1\nfi\n# This output is used by Xcode 'outputs' to avoid re-running this script phase.\necho \"SUCCESS\" > \"${SCRIPT_OUTPUT_FILE_0}\"\n";
			showEnvVarsInLog = 0;
		};
/* End PBXShellScriptBuildPhase section */

/* Begin PBXSourcesBuildPhase section */
		850C388D2BD6C43700DC9541 /* Sources */ = {
			isa = PBXSourcesBuildPhase;
			buildActionMask = 2147483647;
			files = (
				85FB0B632C15F3FC006A4EF5 /* Observable.swift in Sources */,
				850C38D72BD6EDCA00DC9541 /* TrackerCollectionViewCell.swift in Sources */,
				850C389F2BD6C43700DC9541 /* TrackerApp.xcdatamodeld in Sources */,
				859117172C10CC8D004864B0 /* StatisticCell.swift in Sources */,
				85A202912BE4260100841099 /* EmojiAndColorsCollectionCell.swift in Sources */,
				85E763DE2C13287D00A75317 /* AnalyticsService.swift in Sources */,
				851022452C178A6200947FF9 /* TrackerViewModel.swift in Sources */,
				85FB0B6B2C15F473006A4EF5 /* UIFonts+Exntesions.swift in Sources */,
				85FB0B652C15F41D006A4EF5 /* UICollectionView+Extension.swift in Sources */,
				850C38B42BD6CCA000DC9541 /* WeekDay.swift in Sources */,
				85FB0B692C15F45F006A4EF5 /* UIColor+Extencion.swift in Sources */,
				85FB0B672C15F435006A4EF5 /* UIViewController+Extension.swift in Sources */,
				855875412BD8371E00E88DF3 /* HeaderCollectionView.swift in Sources */,
				850C38AE2BD6CC3800DC9541 /* Tracker.swift in Sources */,
				85A202972BE426F900841099 /* SupplementaryView.swift in Sources */,
				859117152C10CAFF004864B0 /* StatisticViewModel.swift in Sources */,
				85A2028A2BE4249400841099 /* StoreError.swift in Sources */,
				850C38D92BD81E4600DC9541 /* NewTrackerViewController.swift in Sources */,
				85FB0B5B2C15F181006A4EF5 /* CategoryCell.swift in Sources */,
				85FB0B592C15EEB5006A4EF5 /* CoreDataManager.swift in Sources */,
				85A202882BE4248300841099 /* TrackerCategoryStore.swift in Sources */,
				859117132C10CA68004864B0 /* StatisticsCellModel.swift in Sources */,
				85A2033D2BF510EA00841099 /* NewCategoryViewController.swift in Sources */,
				85FB0B6F2C15F4B4006A4EF5 /* AlertPresenter.swift in Sources */,
				85FB0B712C15F538006A4EF5 /* SelectTypeEventViewController.swift in Sources */,
				85A203132BF2BCD300841099 /* PageViewController.swift in Sources */,
				85A2030F2BF2A4F800841099 /* Pages.swift in Sources */,
				859117192C1203CC004864B0 /* FilterTrackerViewController.swift in Sources */,
				85FB0B5D2C15F377006A4EF5 /*  InitialViewController.swift in Sources */,
				850C38DD2BD8249200DC9541 /* ScheduleViewController.swift in Sources */,
				85A2033B2BF40D1D00841099 /* CategoriesViewModel.swift in Sources */,
				850C38B92BD6CE8F00DC9541 /* TabBarController.swift in Sources */,
				85A2033F2BF511A600841099 /* CategoriesViewController.swift in Sources */,
				85FB0B612C15F3E3006A4EF5 /* Date+Extencion.swift in Sources */,
				850C38952BD6C43700DC9541 /* AppDelegate.swift in Sources */,
				85A202842BE4245500841099 /* TrackerStore.swift in Sources */,
				850C38CD2BD6DFAB00DC9541 /* TrackersViewController.swift in Sources */,
				850C38972BD6C43700DC9541 /* SceneDelegate.swift in Sources */,
				85A202862BE4247200841099 /* TrackerRecordStore.swift in Sources */,
				850C38B02BD6CC4800DC9541 /* TrackerRecord.swift in Sources */,
				85FB0B6D2C15F49C006A4EF5 /* UIView+Extensions .swift in Sources */,
				850C38B22BD6CC5800DC9541 /* TrackerCategory.swift in Sources */,
				85A203112BF2BC2200841099 /* OnboardingViewController.swift in Sources */,
				850C38CB2BD6DF8B00DC9541 /* StatisticViewController.swift in Sources */,
				85FB0B5F2C15F3C4006A4EF5 /* Constants.swift in Sources */,
			);
			runOnlyForDeploymentPostprocessing = 0;
		};
		851928D82C161045005D4BBB /* Sources */ = {
			isa = PBXSourcesBuildPhase;
			buildActionMask = 2147483647;
			files = (
				851928DF2C161045005D4BBB /* TrackerAppTests.swift in Sources */,
			);
			runOnlyForDeploymentPostprocessing = 0;
		};
/* End PBXSourcesBuildPhase section */

/* Begin PBXTargetDependency section */
		851928E12C161045005D4BBB /* PBXTargetDependency */ = {
			isa = PBXTargetDependency;
			target = 850C38902BD6C43700DC9541 /* TrackerApp */;
			targetProxy = 851928E02C161045005D4BBB /* PBXContainerItemProxy */;
		};
/* End PBXTargetDependency section */

/* Begin PBXVariantGroup section */
		850C38A22BD6C43900DC9541 /* LaunchScreen.storyboard */ = {
			isa = PBXVariantGroup;
			children = (
				850C38A32BD6C43900DC9541 /* Base */,
				859117102C107EA8004864B0 /* ru */,
			);
			name = LaunchScreen.storyboard;
			sourceTree = "<group>";
		};
		8591170D2C107E52004864B0 /* Localizable.strings */ = {
			isa = PBXVariantGroup;
			children = (
				8591170F2C107E6E004864B0 /* en */,
				859117112C107EB6004864B0 /* ru */,
			);
			name = Localizable.strings;
			sourceTree = "<group>";
		};
		85FB0B4E2C133D89006A4EF5 /* Localizable.stringsdict */ = {
			isa = PBXVariantGroup;
			children = (
				85FB0B4D2C133D89006A4EF5 /* en */,
				85FB0B4F2C133D8E006A4EF5 /* ru */,
			);
			name = Localizable.stringsdict;
			sourceTree = "<group>";
		};
/* End PBXVariantGroup section */

/* Begin XCBuildConfiguration section */
		850C38A62BD6C43900DC9541 /* Debug */ = {
			isa = XCBuildConfiguration;
			buildSettings = {
				ALWAYS_SEARCH_USER_PATHS = NO;
				ASSETCATALOG_COMPILER_GENERATE_SWIFT_ASSET_SYMBOL_EXTENSIONS = YES;
				CLANG_ANALYZER_LOCALIZABILITY_NONLOCALIZED = YES;
				CLANG_ANALYZER_NONNULL = YES;
				CLANG_ANALYZER_NUMBER_OBJECT_CONVERSION = YES_AGGRESSIVE;
				CLANG_CXX_LANGUAGE_STANDARD = "gnu++20";
				CLANG_ENABLE_MODULES = YES;
				CLANG_ENABLE_OBJC_ARC = YES;
				CLANG_ENABLE_OBJC_WEAK = YES;
				CLANG_WARN_BLOCK_CAPTURE_AUTORELEASING = YES;
				CLANG_WARN_BOOL_CONVERSION = YES;
				CLANG_WARN_COMMA = YES;
				CLANG_WARN_CONSTANT_CONVERSION = YES;
				CLANG_WARN_DEPRECATED_OBJC_IMPLEMENTATIONS = YES;
				CLANG_WARN_DIRECT_OBJC_ISA_USAGE = YES_ERROR;
				CLANG_WARN_DOCUMENTATION_COMMENTS = YES;
				CLANG_WARN_EMPTY_BODY = YES;
				CLANG_WARN_ENUM_CONVERSION = YES;
				CLANG_WARN_INFINITE_RECURSION = YES;
				CLANG_WARN_INT_CONVERSION = YES;
				CLANG_WARN_NON_LITERAL_NULL_CONVERSION = YES;
				CLANG_WARN_OBJC_IMPLICIT_RETAIN_SELF = YES;
				CLANG_WARN_OBJC_LITERAL_CONVERSION = YES;
				CLANG_WARN_OBJC_ROOT_CLASS = YES_ERROR;
				CLANG_WARN_QUOTED_INCLUDE_IN_FRAMEWORK_HEADER = YES;
				CLANG_WARN_RANGE_LOOP_ANALYSIS = YES;
				CLANG_WARN_STRICT_PROTOTYPES = YES;
				CLANG_WARN_SUSPICIOUS_MOVE = YES;
				CLANG_WARN_UNGUARDED_AVAILABILITY = YES_AGGRESSIVE;
				CLANG_WARN_UNREACHABLE_CODE = YES;
				CLANG_WARN__DUPLICATE_METHOD_MATCH = YES;
				COPY_PHASE_STRIP = NO;
				DEBUG_INFORMATION_FORMAT = dwarf;
				ENABLE_STRICT_OBJC_MSGSEND = YES;
				ENABLE_TESTABILITY = YES;
				ENABLE_USER_SCRIPT_SANDBOXING = NO;
				GCC_C_LANGUAGE_STANDARD = gnu17;
				GCC_DYNAMIC_NO_PIC = NO;
				GCC_NO_COMMON_BLOCKS = YES;
				GCC_OPTIMIZATION_LEVEL = 0;
				GCC_PREPROCESSOR_DEFINITIONS = (
					"DEBUG=1",
					"$(inherited)",
				);
				GCC_WARN_64_TO_32_BIT_CONVERSION = YES;
				GCC_WARN_ABOUT_RETURN_TYPE = YES_ERROR;
				GCC_WARN_UNDECLARED_SELECTOR = YES;
				GCC_WARN_UNINITIALIZED_AUTOS = YES_AGGRESSIVE;
				GCC_WARN_UNUSED_FUNCTION = YES;
				GCC_WARN_UNUSED_VARIABLE = YES;
				IPHONEOS_DEPLOYMENT_TARGET = 13.4;
				LOCALIZATION_PREFERS_STRING_CATALOGS = YES;
				MTL_ENABLE_DEBUG_INFO = INCLUDE_SOURCE;
				MTL_FAST_MATH = YES;
				ONLY_ACTIVE_ARCH = YES;
				SDKROOT = iphoneos;
				SWIFT_ACTIVE_COMPILATION_CONDITIONS = "DEBUG $(inherited)";
				SWIFT_OPTIMIZATION_LEVEL = "-Onone";
			};
			name = Debug;
		};
		850C38A72BD6C43900DC9541 /* Release */ = {
			isa = XCBuildConfiguration;
			buildSettings = {
				ALWAYS_SEARCH_USER_PATHS = NO;
				ASSETCATALOG_COMPILER_GENERATE_SWIFT_ASSET_SYMBOL_EXTENSIONS = YES;
				CLANG_ANALYZER_LOCALIZABILITY_NONLOCALIZED = YES;
				CLANG_ANALYZER_NONNULL = YES;
				CLANG_ANALYZER_NUMBER_OBJECT_CONVERSION = YES_AGGRESSIVE;
				CLANG_CXX_LANGUAGE_STANDARD = "gnu++20";
				CLANG_ENABLE_MODULES = YES;
				CLANG_ENABLE_OBJC_ARC = YES;
				CLANG_ENABLE_OBJC_WEAK = YES;
				CLANG_WARN_BLOCK_CAPTURE_AUTORELEASING = YES;
				CLANG_WARN_BOOL_CONVERSION = YES;
				CLANG_WARN_COMMA = YES;
				CLANG_WARN_CONSTANT_CONVERSION = YES;
				CLANG_WARN_DEPRECATED_OBJC_IMPLEMENTATIONS = YES;
				CLANG_WARN_DIRECT_OBJC_ISA_USAGE = YES_ERROR;
				CLANG_WARN_DOCUMENTATION_COMMENTS = YES;
				CLANG_WARN_EMPTY_BODY = YES;
				CLANG_WARN_ENUM_CONVERSION = YES;
				CLANG_WARN_INFINITE_RECURSION = YES;
				CLANG_WARN_INT_CONVERSION = YES;
				CLANG_WARN_NON_LITERAL_NULL_CONVERSION = YES;
				CLANG_WARN_OBJC_IMPLICIT_RETAIN_SELF = YES;
				CLANG_WARN_OBJC_LITERAL_CONVERSION = YES;
				CLANG_WARN_OBJC_ROOT_CLASS = YES_ERROR;
				CLANG_WARN_QUOTED_INCLUDE_IN_FRAMEWORK_HEADER = YES;
				CLANG_WARN_RANGE_LOOP_ANALYSIS = YES;
				CLANG_WARN_STRICT_PROTOTYPES = YES;
				CLANG_WARN_SUSPICIOUS_MOVE = YES;
				CLANG_WARN_UNGUARDED_AVAILABILITY = YES_AGGRESSIVE;
				CLANG_WARN_UNREACHABLE_CODE = YES;
				CLANG_WARN__DUPLICATE_METHOD_MATCH = YES;
				COPY_PHASE_STRIP = NO;
				DEBUG_INFORMATION_FORMAT = "dwarf-with-dsym";
				ENABLE_NS_ASSERTIONS = NO;
				ENABLE_STRICT_OBJC_MSGSEND = YES;
				ENABLE_USER_SCRIPT_SANDBOXING = NO;
				GCC_C_LANGUAGE_STANDARD = gnu17;
				GCC_NO_COMMON_BLOCKS = YES;
				GCC_WARN_64_TO_32_BIT_CONVERSION = YES;
				GCC_WARN_ABOUT_RETURN_TYPE = YES_ERROR;
				GCC_WARN_UNDECLARED_SELECTOR = YES;
				GCC_WARN_UNINITIALIZED_AUTOS = YES_AGGRESSIVE;
				GCC_WARN_UNUSED_FUNCTION = YES;
				GCC_WARN_UNUSED_VARIABLE = YES;
				IPHONEOS_DEPLOYMENT_TARGET = 13.4;
				LOCALIZATION_PREFERS_STRING_CATALOGS = YES;
				MTL_ENABLE_DEBUG_INFO = NO;
				MTL_FAST_MATH = YES;
				SDKROOT = iphoneos;
				SWIFT_COMPILATION_MODE = wholemodule;
				VALIDATE_PRODUCT = YES;
			};
			name = Release;
		};
		850C38A92BD6C43900DC9541 /* Debug */ = {
			isa = XCBuildConfiguration;
			baseConfigurationReference = 725080CD2E3E4381E96DBDA3 /* Pods-TrackerApp.debug.xcconfig */;
			buildSettings = {
				ASSETCATALOG_COMPILER_APPICON_NAME = AppIcon;
				ASSETCATALOG_COMPILER_GLOBAL_ACCENT_COLOR_NAME = AccentColor;
				CODE_SIGN_STYLE = Automatic;
				CURRENT_PROJECT_VERSION = 1;
				GENERATE_INFOPLIST_FILE = YES;
				INFOPLIST_FILE = TrackerApp/Info.plist;
				INFOPLIST_KEY_UIApplicationSupportsIndirectInputEvents = YES;
				INFOPLIST_KEY_UILaunchStoryboardName = LaunchScreen;
				INFOPLIST_KEY_UISupportedInterfaceOrientations = UIInterfaceOrientationPortrait;
				INFOPLIST_KEY_UISupportedInterfaceOrientations_iPad = "UIInterfaceOrientationLandscapeLeft UIInterfaceOrientationLandscapeRight UIInterfaceOrientationPortrait UIInterfaceOrientationPortraitUpsideDown";
				IPHONEOS_DEPLOYMENT_TARGET = 13.4;
				LD_RUNPATH_SEARCH_PATHS = (
					"$(inherited)",
					"@executable_path/Frameworks",
				);
				MARKETING_VERSION = 1.0;
				PRODUCT_BUNDLE_IDENTIFIER = ru.praktikum.ImageFeed.TrackerApp;
				PRODUCT_NAME = "$(TARGET_NAME)";
				SUPPORTED_PLATFORMS = "iphoneos iphonesimulator";
				SUPPORTS_MACCATALYST = NO;
				SUPPORTS_MAC_DESIGNED_FOR_IPHONE_IPAD = NO;
				SUPPORTS_XR_DESIGNED_FOR_IPHONE_IPAD = NO;
				SWIFT_EMIT_LOC_STRINGS = YES;
				SWIFT_VERSION = 5.0;
				TARGETED_DEVICE_FAMILY = 1;
			};
			name = Debug;
		};
		850C38AA2BD6C43900DC9541 /* Release */ = {
			isa = XCBuildConfiguration;
			baseConfigurationReference = E5275858D0F2D74E08CF2EDA /* Pods-TrackerApp.release.xcconfig */;
			buildSettings = {
				ASSETCATALOG_COMPILER_APPICON_NAME = AppIcon;
				ASSETCATALOG_COMPILER_GLOBAL_ACCENT_COLOR_NAME = AccentColor;
				CODE_SIGN_STYLE = Automatic;
				CURRENT_PROJECT_VERSION = 1;
				GENERATE_INFOPLIST_FILE = YES;
				INFOPLIST_FILE = TrackerApp/Info.plist;
				INFOPLIST_KEY_UIApplicationSupportsIndirectInputEvents = YES;
				INFOPLIST_KEY_UILaunchStoryboardName = LaunchScreen;
				INFOPLIST_KEY_UISupportedInterfaceOrientations = UIInterfaceOrientationPortrait;
				INFOPLIST_KEY_UISupportedInterfaceOrientations_iPad = "UIInterfaceOrientationLandscapeLeft UIInterfaceOrientationLandscapeRight UIInterfaceOrientationPortrait UIInterfaceOrientationPortraitUpsideDown";
				IPHONEOS_DEPLOYMENT_TARGET = 13.4;
				LD_RUNPATH_SEARCH_PATHS = (
					"$(inherited)",
					"@executable_path/Frameworks",
				);
				MARKETING_VERSION = 1.0;
				PRODUCT_BUNDLE_IDENTIFIER = ru.praktikum.ImageFeed.TrackerApp;
				PRODUCT_NAME = "$(TARGET_NAME)";
				SUPPORTED_PLATFORMS = "iphoneos iphonesimulator";
				SUPPORTS_MACCATALYST = NO;
				SUPPORTS_MAC_DESIGNED_FOR_IPHONE_IPAD = NO;
				SUPPORTS_XR_DESIGNED_FOR_IPHONE_IPAD = NO;
				SWIFT_EMIT_LOC_STRINGS = YES;
				SWIFT_VERSION = 5.0;
				TARGETED_DEVICE_FAMILY = 1;
			};
			name = Release;
		};
		851928E32C161045005D4BBB /* Debug */ = {
			isa = XCBuildConfiguration;
			buildSettings = {
				BUNDLE_LOADER = "$(TEST_HOST)";
				CODE_SIGN_STYLE = Automatic;
				CURRENT_PROJECT_VERSION = 1;
				GENERATE_INFOPLIST_FILE = YES;
				IPHONEOS_DEPLOYMENT_TARGET = 17.2;
				MARKETING_VERSION = 1.0;
				PRODUCT_BUNDLE_IDENTIFIER = ru.praktikum.ImageFeed.TrackerAppTests;
				PRODUCT_NAME = "$(TARGET_NAME)";
				SUPPORTED_PLATFORMS = "iphoneos iphonesimulator";
				SUPPORTS_MACCATALYST = NO;
				SUPPORTS_MAC_DESIGNED_FOR_IPHONE_IPAD = NO;
				SUPPORTS_XR_DESIGNED_FOR_IPHONE_IPAD = NO;
				SWIFT_EMIT_LOC_STRINGS = NO;
				SWIFT_VERSION = 5.0;
				TARGETED_DEVICE_FAMILY = 1;
				TEST_HOST = "$(BUILT_PRODUCTS_DIR)/TrackerApp.app/$(BUNDLE_EXECUTABLE_FOLDER_PATH)/TrackerApp";
			};
			name = Debug;
		};
		851928E42C161045005D4BBB /* Release */ = {
			isa = XCBuildConfiguration;
			buildSettings = {
				BUNDLE_LOADER = "$(TEST_HOST)";
				CODE_SIGN_STYLE = Automatic;
				CURRENT_PROJECT_VERSION = 1;
				GENERATE_INFOPLIST_FILE = YES;
				IPHONEOS_DEPLOYMENT_TARGET = 17.2;
				MARKETING_VERSION = 1.0;
				PRODUCT_BUNDLE_IDENTIFIER = ru.praktikum.ImageFeed.TrackerAppTests;
				PRODUCT_NAME = "$(TARGET_NAME)";
				SUPPORTED_PLATFORMS = "iphoneos iphonesimulator";
				SUPPORTS_MACCATALYST = NO;
				SUPPORTS_MAC_DESIGNED_FOR_IPHONE_IPAD = NO;
				SUPPORTS_XR_DESIGNED_FOR_IPHONE_IPAD = NO;
				SWIFT_EMIT_LOC_STRINGS = NO;
				SWIFT_VERSION = 5.0;
				TARGETED_DEVICE_FAMILY = 1;
				TEST_HOST = "$(BUILT_PRODUCTS_DIR)/TrackerApp.app/$(BUNDLE_EXECUTABLE_FOLDER_PATH)/TrackerApp";
			};
			name = Release;
		};
/* End XCBuildConfiguration section */

/* Begin XCConfigurationList section */
		850C388C2BD6C43700DC9541 /* Build configuration list for PBXProject "TrackerApp" */ = {
			isa = XCConfigurationList;
			buildConfigurations = (
				850C38A62BD6C43900DC9541 /* Debug */,
				850C38A72BD6C43900DC9541 /* Release */,
			);
			defaultConfigurationIsVisible = 0;
			defaultConfigurationName = Release;
		};
		850C38A82BD6C43900DC9541 /* Build configuration list for PBXNativeTarget "TrackerApp" */ = {
			isa = XCConfigurationList;
			buildConfigurations = (
				850C38A92BD6C43900DC9541 /* Debug */,
				850C38AA2BD6C43900DC9541 /* Release */,
			);
			defaultConfigurationIsVisible = 0;
			defaultConfigurationName = Release;
		};
		851928E22C161045005D4BBB /* Build configuration list for PBXNativeTarget "TrackerAppTests" */ = {
			isa = XCConfigurationList;
			buildConfigurations = (
				851928E32C161045005D4BBB /* Debug */,
				851928E42C161045005D4BBB /* Release */,
			);
			defaultConfigurationIsVisible = 0;
			defaultConfigurationName = Release;
		};
/* End XCConfigurationList section */

/* Begin XCRemoteSwiftPackageReference section */
		8510223F2C17639800947FF9 /* XCRemoteSwiftPackageReference "swift-snapshot-testing" */ = {
			isa = XCRemoteSwiftPackageReference;
			repositoryURL = "https://github.com/pointfreeco/swift-snapshot-testing";
			requirement = {
				kind = upToNextMajorVersion;
				minimumVersion = 1.16.0;
			};
		};
/* End XCRemoteSwiftPackageReference section */

/* Begin XCSwiftPackageProductDependency section */
		851022402C17639800947FF9 /* InlineSnapshotTesting */ = {
			isa = XCSwiftPackageProductDependency;
			package = 8510223F2C17639800947FF9 /* XCRemoteSwiftPackageReference "swift-snapshot-testing" */;
			productName = InlineSnapshotTesting;
		};
		851022422C17639800947FF9 /* SnapshotTesting */ = {
			isa = XCSwiftPackageProductDependency;
			package = 8510223F2C17639800947FF9 /* XCRemoteSwiftPackageReference "swift-snapshot-testing" */;
			productName = SnapshotTesting;
		};
/* End XCSwiftPackageProductDependency section */

/* Begin XCVersionGroup section */
		850C389D2BD6C43700DC9541 /* TrackerApp.xcdatamodeld */ = {
			isa = XCVersionGroup;
			children = (
				850C389E2BD6C43700DC9541 /* TrackerApp.xcdatamodel */,
			);
			currentVersion = 850C389E2BD6C43700DC9541 /* TrackerApp.xcdatamodel */;
			path = TrackerApp.xcdatamodeld;
			sourceTree = "<group>";
			versionGroupType = wrapper.xcdatamodel;
		};
/* End XCVersionGroup section */
	};
	rootObject = 850C38892BD6C43700DC9541 /* Project object */;
}
